
Microsoft Visual Studio Solution File, Format Version 12.00
# Visual Studio Version 16
VisualStudioVersion = 16.0.31729.503
MinimumVisualStudioVersion = 10.0.40219.1
Project("{FAE04EC0-301F-11D3-BF4B-00C04F79EFBC}") = "LAUNCHCODE-Search4Support", "LAUNCHCODE-Search4Support.csproj", "{DEE48B1E-48D4-4D27-87FD-61B8C5B64764}"
EndProject
Global
	GlobalSection(SolutionConfigurationPlatforms) = preSolution
		Debug|Any CPU = Debug|Any CPU
		Release|Any CPU = Release|Any CPU
	EndGlobalSection
	GlobalSection(ProjectConfigurationPlatforms) = postSolution
		{DEE48B1E-48D4-4D27-87FD-61B8C5B64764}.Debug|Any CPU.ActiveCfg = Debug|Any CPU
		{DEE48B1E-48D4-4D27-87FD-61B8C5B64764}.Debug|Any CPU.Build.0 = Debug|Any CPU
		{DEE48B1E-48D4-4D27-87FD-61B8C5B64764}.Release|Any CPU.ActiveCfg = Release|Any CPU
		{DEE48B1E-48D4-4D27-87FD-61B8C5B64764}.Release|Any CPU.Build.0 = Release|Any CPU
	EndGlobalSection
	GlobalSection(SolutionProperties) = preSolution
		HideSolutionNode = FALSE
	EndGlobalSection
	GlobalSection(ExtensibilityGlobals) = postSolution
		SolutionGuid = {3CB3918F-003E-48B9-9D94-B6EB44CFF5F7}
	EndGlobalSection
EndGlobal
